
Microsoft Visual Studio Solution File, Format Version 12.00
# Visual Studio Version 16
VisualStudioVersion = 16.0.32002.261
MinimumVisualStudioVersion = 10.0.40219.1
Project("{FAE04EC0-301F-11D3-BF4B-00C04F79EFBC}") = "Tetris4", "Tetris4\Tetris4.csproj", "{0C478BF7-1ADF-429A-9716-E07F1291C8D3}"
EndProject
Global
	GlobalSection(SolutionConfigurationPlatforms) = preSolution
		Debug|Any CPU = Debug|Any CPU
		Release|Any CPU = Release|Any CPU
	EndGlobalSection
	GlobalSection(ProjectConfigurationPlatforms) = postSolution
		{0C478BF7-1ADF-429A-9716-E07F1291C8D3}.Debug|Any CPU.ActiveCfg = Debug|Any CPU
		{0C478BF7-1ADF-429A-9716-E07F1291C8D3}.Debug|Any CPU.Build.0 = Debug|Any CPU
		{0C478BF7-1ADF-429A-9716-E07F1291C8D3}.Release|Any CPU.ActiveCfg = Release|Any CPU
		{0C478BF7-1ADF-429A-9716-E07F1291C8D3}.Release|Any CPU.Build.0 = Release|Any CPU
	EndGlobalSection
	GlobalSection(SolutionProperties) = preSolution
		HideSolutionNode = FALSE
	EndGlobalSection
	GlobalSection(ExtensibilityGlobals) = postSolution
		SolutionGuid = {FD37CB38-F447-480D-A8DA-A5AF9B02C21A}
	EndGlobalSection
EndGlobal
